// !$*UTF8*$!
{
	archiveVersion = 1;
	classes = {
	};
	objectVersion = 48;
	objects = {

/* Begin PBXBuildFile section */
		1266AF0D6A787827A82F1860 /* Pods_Dueto.framework in Frameworks */ = {isa = PBXBuildFile; fileRef = CCACFC60C629572D3983E70F /* Pods_Dueto.framework */; };
		277F509129ED965344F1775F /* Pods_DuetoTests.framework in Frameworks */ = {isa = PBXBuildFile; fileRef = 28B41D943C430E911CE9F959 /* Pods_DuetoTests.framework */; };
		2A9A4ACF200684280051ACA8 /* Podfile in Resources */ = {isa = PBXBuildFile; fileRef = 2A9A4ACE200684280051ACA8 /* Podfile */; };
		2A9A4AD0200684280051ACA8 /* Podfile in Resources */ = {isa = PBXBuildFile; fileRef = 2A9A4ACE200684280051ACA8 /* Podfile */; };
		2A9A4AD1200684280051ACA8 /* Podfile in Resources */ = {isa = PBXBuildFile; fileRef = 2A9A4ACE200684280051ACA8 /* Podfile */; };
		2AE5C5BA200964A400A44512 /* TableViewCell1.swift in Sources */ = {isa = PBXBuildFile; fileRef = 2AE5C5B8200964A400A44512 /* TableViewCell1.swift */; };
		2AE5C5BB200964A400A44512 /* TableViewCell1.xib in Resources */ = {isa = PBXBuildFile; fileRef = 2AE5C5B9200964A400A44512 /* TableViewCell1.xib */; };
		4E929A18992976554A8E593A /* Pods_DuetoUITests.framework in Frameworks */ = {isa = PBXBuildFile; fileRef = 9EBBC93C0C4C8167C603DD4F /* Pods_DuetoUITests.framework */; };
		70EB8DAE2002A196007AC8B2 /* AppDelegate.swift in Sources */ = {isa = PBXBuildFile; fileRef = 70EB8DAD2002A196007AC8B2 /* AppDelegate.swift */; };
		70EB8DB02002A196007AC8B2 /* ViewController.swift in Sources */ = {isa = PBXBuildFile; fileRef = 70EB8DAF2002A196007AC8B2 /* ViewController.swift */; };
		70EB8DB32002A196007AC8B2 /* Main.storyboard in Resources */ = {isa = PBXBuildFile; fileRef = 70EB8DB12002A196007AC8B2 /* Main.storyboard */; };
		70EB8DB52002A196007AC8B2 /* Assets.xcassets in Resources */ = {isa = PBXBuildFile; fileRef = 70EB8DB42002A196007AC8B2 /* Assets.xcassets */; };
		70EB8DB82002A196007AC8B2 /* LaunchScreen.storyboard in Resources */ = {isa = PBXBuildFile; fileRef = 70EB8DB62002A196007AC8B2 /* LaunchScreen.storyboard */; };
		70EB8DC32002A196007AC8B2 /* DuetoTests.swift in Sources */ = {isa = PBXBuildFile; fileRef = 70EB8DC22002A196007AC8B2 /* DuetoTests.swift */; };
		70EB8DCE2002A196007AC8B2 /* DuetoUITests.swift in Sources */ = {isa = PBXBuildFile; fileRef = 70EB8DCD2002A196007AC8B2 /* DuetoUITests.swift */; };
/* End PBXBuildFile section */

/* Begin PBXContainerItemProxy section */
		70EB8DBF2002A196007AC8B2 /* PBXContainerItemProxy */ = {
			isa = PBXContainerItemProxy;
			containerPortal = 70EB8DA22002A196007AC8B2 /* Project object */;
			proxyType = 1;
			remoteGlobalIDString = 70EB8DA92002A196007AC8B2;
			remoteInfo = Dueto;
		};
		70EB8DCA2002A196007AC8B2 /* PBXContainerItemProxy */ = {
			isa = PBXContainerItemProxy;
			containerPortal = 70EB8DA22002A196007AC8B2 /* Project object */;
			proxyType = 1;
			remoteGlobalIDString = 70EB8DA92002A196007AC8B2;
			remoteInfo = Dueto;
		};
/* End PBXContainerItemProxy section */

/* Begin PBXFileReference section */
		151D86A11EBDCD3BCC408E4E /* Pods-DuetoTests.release.xcconfig */ = {isa = PBXFileReference; includeInIndex = 1; lastKnownFileType = text.xcconfig; name = "Pods-DuetoTests.release.xcconfig"; path = "Pods/Target Support Files/Pods-DuetoTests/Pods-DuetoTests.release.xcconfig"; sourceTree = "<group>"; };
		28B41D943C430E911CE9F959 /* Pods_DuetoTests.framework */ = {isa = PBXFileReference; explicitFileType = wrapper.framework; includeInIndex = 0; path = Pods_DuetoTests.framework; sourceTree = BUILT_PRODUCTS_DIR; };
		2A9A4ACE200684280051ACA8 /* Podfile */ = {isa = PBXFileReference; fileEncoding = 4; lastKnownFileType = text; path = Podfile; sourceTree = "<group>"; xcLanguageSpecificationIdentifier = xcode.lang.ruby; };
		2AE5C5B8200964A400A44512 /* TableViewCell1.swift */ = {isa = PBXFileReference; lastKnownFileType = sourcecode.swift; path = TableViewCell1.swift; sourceTree = "<group>"; };
		2AE5C5B9200964A400A44512 /* TableViewCell1.xib */ = {isa = PBXFileReference; lastKnownFileType = file.xib; path = TableViewCell1.xib; sourceTree = "<group>"; };
		5D9CE271DC0C9CACA46781DB /* Pods-DuetoTests.debug.xcconfig */ = {isa = PBXFileReference; includeInIndex = 1; lastKnownFileType = text.xcconfig; name = "Pods-DuetoTests.debug.xcconfig"; path = "Pods/Target Support Files/Pods-DuetoTests/Pods-DuetoTests.debug.xcconfig"; sourceTree = "<group>"; };
		70EB8DAA2002A196007AC8B2 /* Dueto.app */ = {isa = PBXFileReference; explicitFileType = wrapper.application; includeInIndex = 0; path = Dueto.app; sourceTree = BUILT_PRODUCTS_DIR; };
		70EB8DAD2002A196007AC8B2 /* AppDelegate.swift */ = {isa = PBXFileReference; lastKnownFileType = sourcecode.swift; path = AppDelegate.swift; sourceTree = "<group>"; };
		70EB8DAF2002A196007AC8B2 /* ViewController.swift */ = {isa = PBXFileReference; lastKnownFileType = sourcecode.swift; path = ViewController.swift; sourceTree = "<group>"; };
		70EB8DB22002A196007AC8B2 /* Base */ = {isa = PBXFileReference; lastKnownFileType = file.storyboard; name = Base; path = Base.lproj/Main.storyboard; sourceTree = "<group>"; };
		70EB8DB42002A196007AC8B2 /* Assets.xcassets */ = {isa = PBXFileReference; lastKnownFileType = folder.assetcatalog; path = Assets.xcassets; sourceTree = "<group>"; };
		70EB8DB72002A196007AC8B2 /* Base */ = {isa = PBXFileReference; lastKnownFileType = file.storyboard; name = Base; path = Base.lproj/LaunchScreen.storyboard; sourceTree = "<group>"; };
		70EB8DB92002A196007AC8B2 /* Info.plist */ = {isa = PBXFileReference; lastKnownFileType = text.plist.xml; path = Info.plist; sourceTree = "<group>"; };
		70EB8DBE2002A196007AC8B2 /* DuetoTests.xctest */ = {isa = PBXFileReference; explicitFileType = wrapper.cfbundle; includeInIndex = 0; path = DuetoTests.xctest; sourceTree = BUILT_PRODUCTS_DIR; };
		70EB8DC22002A196007AC8B2 /* DuetoTests.swift */ = {isa = PBXFileReference; lastKnownFileType = sourcecode.swift; path = DuetoTests.swift; sourceTree = "<group>"; };
		70EB8DC42002A196007AC8B2 /* Info.plist */ = {isa = PBXFileReference; lastKnownFileType = text.plist.xml; path = Info.plist; sourceTree = "<group>"; };
		70EB8DC92002A196007AC8B2 /* DuetoUITests.xctest */ = {isa = PBXFileReference; explicitFileType = wrapper.cfbundle; includeInIndex = 0; path = DuetoUITests.xctest; sourceTree = BUILT_PRODUCTS_DIR; };
		70EB8DCD2002A196007AC8B2 /* DuetoUITests.swift */ = {isa = PBXFileReference; lastKnownFileType = sourcecode.swift; path = DuetoUITests.swift; sourceTree = "<group>"; };
		70EB8DCF2002A196007AC8B2 /* Info.plist */ = {isa = PBXFileReference; lastKnownFileType = text.plist.xml; path = Info.plist; sourceTree = "<group>"; };
		9D59E243AF57CCD4CD2A8715 /* Pods-DuetoUITests.release.xcconfig */ = {isa = PBXFileReference; includeInIndex = 1; lastKnownFileType = text.xcconfig; name = "Pods-DuetoUITests.release.xcconfig"; path = "Pods/Target Support Files/Pods-DuetoUITests/Pods-DuetoUITests.release.xcconfig"; sourceTree = "<group>"; };
		9EBBC93C0C4C8167C603DD4F /* Pods_DuetoUITests.framework */ = {isa = PBXFileReference; explicitFileType = wrapper.framework; includeInIndex = 0; path = Pods_DuetoUITests.framework; sourceTree = BUILT_PRODUCTS_DIR; };
		B128C3EF5DCA4BBCDB1151CC /* Pods-Dueto.release.xcconfig */ = {isa = PBXFileReference; includeInIndex = 1; lastKnownFileType = text.xcconfig; name = "Pods-Dueto.release.xcconfig"; path = "Pods/Target Support Files/Pods-Dueto/Pods-Dueto.release.xcconfig"; sourceTree = "<group>"; };
		C537D826D7C4E1320708D61B /* Pods-Dueto.debug.xcconfig */ = {isa = PBXFileReference; includeInIndex = 1; lastKnownFileType = text.xcconfig; name = "Pods-Dueto.debug.xcconfig"; path = "Pods/Target Support Files/Pods-Dueto/Pods-Dueto.debug.xcconfig"; sourceTree = "<group>"; };
		CB98186CDAE914512168D7ED /* Pods-DuetoUITests.debug.xcconfig */ = {isa = PBXFileReference; includeInIndex = 1; lastKnownFileType = text.xcconfig; name = "Pods-DuetoUITests.debug.xcconfig"; path = "Pods/Target Support Files/Pods-DuetoUITests/Pods-DuetoUITests.debug.xcconfig"; sourceTree = "<group>"; };
		CCACFC60C629572D3983E70F /* Pods_Dueto.framework */ = {isa = PBXFileReference; explicitFileType = wrapper.framework; includeInIndex = 0; path = Pods_Dueto.framework; sourceTree = BUILT_PRODUCTS_DIR; };
/* End PBXFileReference section */

/* Begin PBXFrameworksBuildPhase section */
		70EB8DA72002A196007AC8B2 /* Frameworks */ = {
			isa = PBXFrameworksBuildPhase;
			buildActionMask = 2147483647;
			files = (
				1266AF0D6A787827A82F1860 /* Pods_Dueto.framework in Frameworks */,
			);
			runOnlyForDeploymentPostprocessing = 0;
		};
		70EB8DBB2002A196007AC8B2 /* Frameworks */ = {
			isa = PBXFrameworksBuildPhase;
			buildActionMask = 2147483647;
			files = (
				277F509129ED965344F1775F /* Pods_DuetoTests.framework in Frameworks */,
			);
			runOnlyForDeploymentPostprocessing = 0;
		};
		70EB8DC62002A196007AC8B2 /* Frameworks */ = {
			isa = PBXFrameworksBuildPhase;
			buildActionMask = 2147483647;
			files = (
				4E929A18992976554A8E593A /* Pods_DuetoUITests.framework in Frameworks */,
			);
			runOnlyForDeploymentPostprocessing = 0;
		};
/* End PBXFrameworksBuildPhase section */

/* Begin PBXGroup section */
		24D9DC0067BA7D98430F986C /* Frameworks */ = {
			isa = PBXGroup;
			children = (
				CCACFC60C629572D3983E70F /* Pods_Dueto.framework */,
				28B41D943C430E911CE9F959 /* Pods_DuetoTests.framework */,
				9EBBC93C0C4C8167C603DD4F /* Pods_DuetoUITests.framework */,
			);
			name = Frameworks;
			sourceTree = "<group>";
		};
		3EA5D71D2BCC3B8BA1881CB8 /* Pods */ = {
			isa = PBXGroup;
			children = (
				C537D826D7C4E1320708D61B /* Pods-Dueto.debug.xcconfig */,
				B128C3EF5DCA4BBCDB1151CC /* Pods-Dueto.release.xcconfig */,
				5D9CE271DC0C9CACA46781DB /* Pods-DuetoTests.debug.xcconfig */,
				151D86A11EBDCD3BCC408E4E /* Pods-DuetoTests.release.xcconfig */,
				CB98186CDAE914512168D7ED /* Pods-DuetoUITests.debug.xcconfig */,
				9D59E243AF57CCD4CD2A8715 /* Pods-DuetoUITests.release.xcconfig */,
			);
			name = Pods;
			sourceTree = "<group>";
		};
		70EB8DA12002A196007AC8B2 = {
			isa = PBXGroup;
			children = (
				2A9A4ACE200684280051ACA8 /* Podfile */,
				70EB8DAC2002A196007AC8B2 /* Dueto */,
				70EB8DC12002A196007AC8B2 /* View */,
				70EB8DCC2002A196007AC8B2 /* Controller */,
				70EB8DAB2002A196007AC8B2 /* Products */,
				3EA5D71D2BCC3B8BA1881CB8 /* Pods */,
				24D9DC0067BA7D98430F986C /* Frameworks */,
			);
			sourceTree = "<group>";
		};
		70EB8DAB2002A196007AC8B2 /* Products */ = {
			isa = PBXGroup;
			children = (
				70EB8DAA2002A196007AC8B2 /* Dueto.app */,
				70EB8DBE2002A196007AC8B2 /* DuetoTests.xctest */,
				70EB8DC92002A196007AC8B2 /* DuetoUITests.xctest */,
			);
			name = Products;
			sourceTree = "<group>";
		};
		70EB8DAC2002A196007AC8B2 /* Dueto */ = {
			isa = PBXGroup;
			children = (
				70EB8DAD2002A196007AC8B2 /* AppDelegate.swift */,
				70EB8DAF2002A196007AC8B2 /* ViewController.swift */,
				70EB8DB12002A196007AC8B2 /* Main.storyboard */,
				70EB8DB42002A196007AC8B2 /* Assets.xcassets */,
				70EB8DB62002A196007AC8B2 /* LaunchScreen.storyboard */,
				70EB8DB92002A196007AC8B2 /* Info.plist */,
				2AE5C5B8200964A400A44512 /* TableViewCell1.swift */,
				2AE5C5B9200964A400A44512 /* TableViewCell1.xib */,
			);
			path = Dueto;
			sourceTree = "<group>";
		};
		70EB8DC12002A196007AC8B2 /* View */ = {
			isa = PBXGroup;
			children = (
				70EB8DC22002A196007AC8B2 /* DuetoTests.swift */,
				70EB8DC42002A196007AC8B2 /* Info.plist */,
			);
			path = View;
			sourceTree = "<group>";
		};
		70EB8DCC2002A196007AC8B2 /* Controller */ = {
			isa = PBXGroup;
			children = (
				70EB8DCD2002A196007AC8B2 /* DuetoUITests.swift */,
				70EB8DCF2002A196007AC8B2 /* Info.plist */,
			);
			path = Controller;
			sourceTree = "<group>";
		};
/* End PBXGroup section */

/* Begin PBXNativeTarget section */
		70EB8DA92002A196007AC8B2 /* Dueto */ = {
			isa = PBXNativeTarget;
			buildConfigurationList = 70EB8DD22002A196007AC8B2 /* Build configuration list for PBXNativeTarget "Dueto" */;
			buildPhases = (
				5198D270E73FBE4BE86489DD /* [CP] Check Pods Manifest.lock */,
				70EB8DA62002A196007AC8B2 /* Sources */,
				70EB8DA72002A196007AC8B2 /* Frameworks */,
				70EB8DA82002A196007AC8B2 /* Resources */,
				A777A5B022A16EF65B8E4ED6 /* [CP] Embed Pods Frameworks */,
				478E2BA03B97E9EE76C93008 /* [CP] Copy Pods Resources */,
			);
			buildRules = (
			);
			dependencies = (
			);
			name = Dueto;
			productName = Dueto;
			productReference = 70EB8DAA2002A196007AC8B2 /* Dueto.app */;
			productType = "com.apple.product-type.application";
		};
		70EB8DBD2002A196007AC8B2 /* DuetoTests */ = {
			isa = PBXNativeTarget;
			buildConfigurationList = 70EB8DD52002A196007AC8B2 /* Build configuration list for PBXNativeTarget "DuetoTests" */;
			buildPhases = (
				8FBAE0DEC136220B2F89349B /* [CP] Check Pods Manifest.lock */,
				70EB8DBA2002A196007AC8B2 /* Sources */,
				70EB8DBB2002A196007AC8B2 /* Frameworks */,
				70EB8DBC2002A196007AC8B2 /* Resources */,
				34D1AC636A09D9D9DD20F7F1 /* [CP] Embed Pods Frameworks */,
				BC5CF552A5CCE9BD576B54BD /* [CP] Copy Pods Resources */,
			);
			buildRules = (
			);
			dependencies = (
				70EB8DC02002A196007AC8B2 /* PBXTargetDependency */,
			);
			name = DuetoTests;
			productName = DuetoTests;
			productReference = 70EB8DBE2002A196007AC8B2 /* DuetoTests.xctest */;
			productType = "com.apple.product-type.bundle.unit-test";
		};
		70EB8DC82002A196007AC8B2 /* DuetoUITests */ = {
			isa = PBXNativeTarget;
			buildConfigurationList = 70EB8DD82002A196007AC8B2 /* Build configuration list for PBXNativeTarget "DuetoUITests" */;
			buildPhases = (
				1E2072B5BEF1BAACA50DCC72 /* [CP] Check Pods Manifest.lock */,
				70EB8DC52002A196007AC8B2 /* Sources */,
				70EB8DC62002A196007AC8B2 /* Frameworks */,
				70EB8DC72002A196007AC8B2 /* Resources */,
				B90DF196CD71E1BE8C6C31DB /* [CP] Embed Pods Frameworks */,
				EB66755A7ACA8450B1FC34A0 /* [CP] Copy Pods Resources */,
			);
			buildRules = (
			);
			dependencies = (
				70EB8DCB2002A196007AC8B2 /* PBXTargetDependency */,
			);
			name = DuetoUITests;
			productName = DuetoUITests;
			productReference = 70EB8DC92002A196007AC8B2 /* DuetoUITests.xctest */;
			productType = "com.apple.product-type.bundle.ui-testing";
		};
/* End PBXNativeTarget section */

/* Begin PBXProject section */
		70EB8DA22002A196007AC8B2 /* Project object */ = {
			isa = PBXProject;
			attributes = {
				LastSwiftUpdateCheck = 0920;
				LastUpgradeCheck = 0920;
				ORGANIZATIONNAME = Dueto;
				TargetAttributes = {
					70EB8DA92002A196007AC8B2 = {
						CreatedOnToolsVersion = 9.2;
						ProvisioningStyle = Automatic;
					};
					70EB8DBD2002A196007AC8B2 = {
						CreatedOnToolsVersion = 9.2;
						ProvisioningStyle = Automatic;
						TestTargetID = 70EB8DA92002A196007AC8B2;
					};
					70EB8DC82002A196007AC8B2 = {
						CreatedOnToolsVersion = 9.2;
						ProvisioningStyle = Automatic;
						TestTargetID = 70EB8DA92002A196007AC8B2;
					};
				};
			};
			buildConfigurationList = 70EB8DA52002A196007AC8B2 /* Build configuration list for PBXProject "Dueto" */;
			compatibilityVersion = "Xcode 8.0";
			developmentRegion = en;
			hasScannedForEncodings = 0;
			knownRegions = (
				en,
				Base,
			);
			mainGroup = 70EB8DA12002A196007AC8B2;
			productRefGroup = 70EB8DAB2002A196007AC8B2 /* Products */;
			projectDirPath = "";
			projectRoot = "";
			targets = (
				70EB8DA92002A196007AC8B2 /* Dueto */,
				70EB8DBD2002A196007AC8B2 /* DuetoTests */,
				70EB8DC82002A196007AC8B2 /* DuetoUITests */,
			);
		};
/* End PBXProject section */

/* Begin PBXResourcesBuildPhase section */
		70EB8DA82002A196007AC8B2 /* Resources */ = {
			isa = PBXResourcesBuildPhase;
			buildActionMask = 2147483647;
			files = (
				2AE5C5BB200964A400A44512 /* TableViewCell1.xib in Resources */,
				2A9A4ACF200684280051ACA8 /* Podfile in Resources */,
				70EB8DB82002A196007AC8B2 /* LaunchScreen.storyboard in Resources */,
				70EB8DB52002A196007AC8B2 /* Assets.xcassets in Resources */,
				70EB8DB32002A196007AC8B2 /* Main.storyboard in Resources */,
			);
			runOnlyForDeploymentPostprocessing = 0;
		};
		70EB8DBC2002A196007AC8B2 /* Resources */ = {
			isa = PBXResourcesBuildPhase;
			buildActionMask = 2147483647;
			files = (
				2A9A4AD0200684280051ACA8 /* Podfile in Resources */,
			);
			runOnlyForDeploymentPostprocessing = 0;
		};
		70EB8DC72002A196007AC8B2 /* Resources */ = {
			isa = PBXResourcesBuildPhase;
			buildActionMask = 2147483647;
			files = (
				2A9A4AD1200684280051ACA8 /* Podfile in Resources */,
			);
			runOnlyForDeploymentPostprocessing = 0;
		};
/* End PBXResourcesBuildPhase section */

/* Begin PBXShellScriptBuildPhase section */
		1E2072B5BEF1BAACA50DCC72 /* [CP] Check Pods Manifest.lock */ = {
			isa = PBXShellScriptBuildPhase;
			buildActionMask = 2147483647;
			files = (
			);
			inputPaths = (
				"${PODS_PODFILE_DIR_PATH}/Podfile.lock",
				"${PODS_ROOT}/Manifest.lock",
			);
			name = "[CP] Check Pods Manifest.lock";
			outputPaths = (
				"$(DERIVED_FILE_DIR)/Pods-DuetoUITests-checkManifestLockResult.txt",
			);
			runOnlyForDeploymentPostprocessing = 0;
			shellPath = /bin/sh;
			shellScript = "diff \"${PODS_PODFILE_DIR_PATH}/Podfile.lock\" \"${PODS_ROOT}/Manifest.lock\" > /dev/null\nif [ $? != 0 ] ; then\n    # print error to STDERR\n    echo \"error: The sandbox is not in sync with the Podfile.lock. Run 'pod install' or update your CocoaPods installation.\" >&2\n    exit 1\nfi\n# This output is used by Xcode 'outputs' to avoid re-running this script phase.\necho \"SUCCESS\" > \"${SCRIPT_OUTPUT_FILE_0}\"\n";
			showEnvVarsInLog = 0;
		};
		34D1AC636A09D9D9DD20F7F1 /* [CP] Embed Pods Frameworks */ = {
			isa = PBXShellScriptBuildPhase;
			buildActionMask = 2147483647;
			files = (
			);
			inputPaths = (
				"${SRCROOT}/Pods/Target Support Files/Pods-DuetoTests/Pods-DuetoTests-frameworks.sh",
				"${BUILT_PRODUCTS_DIR}/Floaty/Floaty.framework",
			);
			name = "[CP] Embed Pods Frameworks";
			outputPaths = (
				"${TARGET_BUILD_DIR}/${FRAMEWORKS_FOLDER_PATH}/Floaty.framework",
			);
			runOnlyForDeploymentPostprocessing = 0;
			shellPath = /bin/sh;
			shellScript = "\"${SRCROOT}/Pods/Target Support Files/Pods-DuetoTests/Pods-DuetoTests-frameworks.sh\"\n";
			showEnvVarsInLog = 0;
		};
		478E2BA03B97E9EE76C93008 /* [CP] Copy Pods Resources */ = {
			isa = PBXShellScriptBuildPhase;
			buildActionMask = 2147483647;
			files = (
			);
			inputPaths = (
			);
			name = "[CP] Copy Pods Resources";
			outputPaths = (
			);
			runOnlyForDeploymentPostprocessing = 0;
			shellPath = /bin/sh;
			shellScript = "\"${SRCROOT}/Pods/Target Support Files/Pods-Dueto/Pods-Dueto-resources.sh\"\n";
			showEnvVarsInLog = 0;
		};
		5198D270E73FBE4BE86489DD /* [CP] Check Pods Manifest.lock */ = {
			isa = PBXShellScriptBuildPhase;
			buildActionMask = 2147483647;
			files = (
			);
			inputPaths = (
				"${PODS_PODFILE_DIR_PATH}/Podfile.lock",
				"${PODS_ROOT}/Manifest.lock",
			);
			name = "[CP] Check Pods Manifest.lock";
			outputPaths = (
				"$(DERIVED_FILE_DIR)/Pods-Dueto-checkManifestLockResult.txt",
			);
			runOnlyForDeploymentPostprocessing = 0;
			shellPath = /bin/sh;
			shellScript = "diff \"${PODS_PODFILE_DIR_PATH}/Podfile.lock\" \"${PODS_ROOT}/Manifest.lock\" > /dev/null\nif [ $? != 0 ] ; then\n    # print error to STDERR\n    echo \"error: The sandbox is not in sync with the Podfile.lock. Run 'pod install' or update your CocoaPods installation.\" >&2\n    exit 1\nfi\n# This output is used by Xcode 'outputs' to avoid re-running this script phase.\necho \"SUCCESS\" > \"${SCRIPT_OUTPUT_FILE_0}\"\n";
			showEnvVarsInLog = 0;
		};
		8FBAE0DEC136220B2F89349B /* [CP] Check Pods Manifest.lock */ = {
			isa = PBXShellScriptBuildPhase;
			buildActionMask = 2147483647;
			files = (
			);
			inputPaths = (
				"${PODS_PODFILE_DIR_PATH}/Podfile.lock",
				"${PODS_ROOT}/Manifest.lock",
			);
			name = "[CP] Check Pods Manifest.lock";
			outputPaths = (
				"$(DERIVED_FILE_DIR)/Pods-DuetoTests-checkManifestLockResult.txt",
			);
			runOnlyForDeploymentPostprocessing = 0;
			shellPath = /bin/sh;
			shellScript = "diff \"${PODS_PODFILE_DIR_PATH}/Podfile.lock\" \"${PODS_ROOT}/Manifest.lock\" > /dev/null\nif [ $? != 0 ] ; then\n    # print error to STDERR\n    echo \"error: The sandbox is not in sync with the Podfile.lock. Run 'pod install' or update your CocoaPods installation.\" >&2\n    exit 1\nfi\n# This output is used by Xcode 'outputs' to avoid re-running this script phase.\necho \"SUCCESS\" > \"${SCRIPT_OUTPUT_FILE_0}\"\n";
			showEnvVarsInLog = 0;
		};
		A777A5B022A16EF65B8E4ED6 /* [CP] Embed Pods Frameworks */ = {
			isa = PBXShellScriptBuildPhase;
			buildActionMask = 2147483647;
			files = (
			);
			inputPaths = (
				"${SRCROOT}/Pods/Target Support Files/Pods-Dueto/Pods-Dueto-frameworks.sh",
				"${BUILT_PRODUCTS_DIR}/Floaty/Floaty.framework",
			);
			name = "[CP] Embed Pods Frameworks";
			outputPaths = (
				"${TARGET_BUILD_DIR}/${FRAMEWORKS_FOLDER_PATH}/Floaty.framework",
			);
			runOnlyForDeploymentPostprocessing = 0;
			shellPath = /bin/sh;
			shellScript = "\"${SRCROOT}/Pods/Target Support Files/Pods-Dueto/Pods-Dueto-frameworks.sh\"\n";
			showEnvVarsInLog = 0;
		};
		B90DF196CD71E1BE8C6C31DB /* [CP] Embed Pods Frameworks */ = {
			isa = PBXShellScriptBuildPhase;
			buildActionMask = 2147483647;
			files = (
			);
			inputPaths = (
				"${SRCROOT}/Pods/Target Support Files/Pods-DuetoUITests/Pods-DuetoUITests-frameworks.sh",
				"${BUILT_PRODUCTS_DIR}/Floaty/Floaty.framework",
			);
			name = "[CP] Embed Pods Frameworks";
			outputPaths = (
				"${TARGET_BUILD_DIR}/${FRAMEWORKS_FOLDER_PATH}/Floaty.framework",
			);
			runOnlyForDeploymentPostprocessing = 0;
			shellPath = /bin/sh;
			shellScript = "\"${SRCROOT}/Pods/Target Support Files/Pods-DuetoUITests/Pods-DuetoUITests-frameworks.sh\"\n";
			showEnvVarsInLog = 0;
		};
		BC5CF552A5CCE9BD576B54BD /* [CP] Copy Pods Resources */ = {
			isa = PBXShellScriptBuildPhase;
			buildActionMask = 2147483647;
			files = (
			);
			inputPaths = (
			);
			name = "[CP] Copy Pods Resources";
			outputPaths = (
			);
			runOnlyForDeploymentPostprocessing = 0;
			shellPath = /bin/sh;
			shellScript = "\"${SRCROOT}/Pods/Target Support Files/Pods-DuetoTests/Pods-DuetoTests-resources.sh\"\n";
			showEnvVarsInLog = 0;
		};
		EB66755A7ACA8450B1FC34A0 /* [CP] Copy Pods Resources */ = {
			isa = PBXShellScriptBuildPhase;
			buildActionMask = 2147483647;
			files = (
			);
			inputPaths = (
			);
			name = "[CP] Copy Pods Resources";
			outputPaths = (
			);
			runOnlyForDeploymentPostprocessing = 0;
			shellPath = /bin/sh;
			shellScript = "\"${SRCROOT}/Pods/Target Support Files/Pods-DuetoUITests/Pods-DuetoUITests-resources.sh\"\n";
			showEnvVarsInLog = 0;
		};
/* End PBXShellScriptBuildPhase section */

/* Begin PBXSourcesBuildPhase section */
		70EB8DA62002A196007AC8B2 /* Sources */ = {
			isa = PBXSourcesBuildPhase;
			buildActionMask = 2147483647;
			files = (
				2AE5C5BA200964A400A44512 /* TableViewCell1.swift in Sources */,
				70EB8DB02002A196007AC8B2 /* ViewController.swift in Sources */,
				70EB8DAE2002A196007AC8B2 /* AppDelegate.swift in Sources */,
			);
			runOnlyForDeploymentPostprocessing = 0;
		};
		70EB8DBA2002A196007AC8B2 /* Sources */ = {
			isa = PBXSourcesBuildPhase;
			buildActionMask = 2147483647;
			files = (
				70EB8DC32002A196007AC8B2 /* DuetoTests.swift in Sources */,
			);
			runOnlyForDeploymentPostprocessing = 0;
		};
		70EB8DC52002A196007AC8B2 /* Sources */ = {
			isa = PBXSourcesBuildPhase;
			buildActionMask = 2147483647;
			files = (
				70EB8DCE2002A196007AC8B2 /* DuetoUITests.swift in Sources */,
			);
			runOnlyForDeploymentPostprocessing = 0;
		};
/* End PBXSourcesBuildPhase section */

/* Begin PBXTargetDependency section */
		70EB8DC02002A196007AC8B2 /* PBXTargetDependency */ = {
			isa = PBXTargetDependency;
			target = 70EB8DA92002A196007AC8B2 /* Dueto */;
			targetProxy = 70EB8DBF2002A196007AC8B2 /* PBXContainerItemProxy */;
		};
		70EB8DCB2002A196007AC8B2 /* PBXTargetDependency */ = {
			isa = PBXTargetDependency;
			target = 70EB8DA92002A196007AC8B2 /* Dueto */;
			targetProxy = 70EB8DCA2002A196007AC8B2 /* PBXContainerItemProxy */;
		};
/* End PBXTargetDependency section */

/* Begin PBXVariantGroup section */
		70EB8DB12002A196007AC8B2 /* Main.storyboard */ = {
			isa = PBXVariantGroup;
			children = (
				70EB8DB22002A196007AC8B2 /* Base */,
			);
			name = Main.storyboard;
			sourceTree = "<group>";
		};
		70EB8DB62002A196007AC8B2 /* LaunchScreen.storyboard */ = {
			isa = PBXVariantGroup;
			children = (
				70EB8DB72002A196007AC8B2 /* Base */,
			);
			name = LaunchScreen.storyboard;
			sourceTree = "<group>";
		};
/* End PBXVariantGroup section */

/* Begin XCBuildConfiguration section */
		70EB8DD02002A196007AC8B2 /* Debug */ = {
			isa = XCBuildConfiguration;
			buildSettings = {
				ALWAYS_SEARCH_USER_PATHS = NO;
				CLANG_ANALYZER_NONNULL = YES;
				CLANG_ANALYZER_NUMBER_OBJECT_CONVERSION = YES_AGGRESSIVE;
				CLANG_CXX_LANGUAGE_STANDARD = "gnu++14";
				CLANG_CXX_LIBRARY = "libc++";
				CLANG_ENABLE_MODULES = YES;
				CLANG_ENABLE_OBJC_ARC = YES;
				CLANG_WARN_BLOCK_CAPTURE_AUTORELEASING = YES;
				CLANG_WARN_BOOL_CONVERSION = YES;
				CLANG_WARN_COMMA = YES;
				CLANG_WARN_CONSTANT_CONVERSION = YES;
				CLANG_WARN_DIRECT_OBJC_ISA_USAGE = YES_ERROR;
				CLANG_WARN_DOCUMENTATION_COMMENTS = YES;
				CLANG_WARN_EMPTY_BODY = YES;
				CLANG_WARN_ENUM_CONVERSION = YES;
				CLANG_WARN_INFINITE_RECURSION = YES;
				CLANG_WARN_INT_CONVERSION = YES;
				CLANG_WARN_NON_LITERAL_NULL_CONVERSION = YES;
				CLANG_WARN_OBJC_LITERAL_CONVERSION = YES;
				CLANG_WARN_OBJC_ROOT_CLASS = YES_ERROR;
				CLANG_WARN_RANGE_LOOP_ANALYSIS = YES;
				CLANG_WARN_STRICT_PROTOTYPES = YES;
				CLANG_WARN_SUSPICIOUS_MOVE = YES;
				CLANG_WARN_UNGUARDED_AVAILABILITY = YES_AGGRESSIVE;
				CLANG_WARN_UNREACHABLE_CODE = YES;
				CLANG_WARN__DUPLICATE_METHOD_MATCH = YES;
				CODE_SIGN_IDENTITY = "iPhone Developer";
				COPY_PHASE_STRIP = NO;
				DEBUG_INFORMATION_FORMAT = dwarf;
				ENABLE_STRICT_OBJC_MSGSEND = YES;
				ENABLE_TESTABILITY = YES;
				GCC_C_LANGUAGE_STANDARD = gnu11;
				GCC_DYNAMIC_NO_PIC = NO;
				GCC_NO_COMMON_BLOCKS = YES;
				GCC_OPTIMIZATION_LEVEL = 0;
				GCC_PREPROCESSOR_DEFINITIONS = (
					"DEBUG=1",
					"$(inherited)",
				);
				GCC_WARN_64_TO_32_BIT_CONVERSION = YES;
				GCC_WARN_ABOUT_RETURN_TYPE = YES_ERROR;
				GCC_WARN_UNDECLARED_SELECTOR = YES;
				GCC_WARN_UNINITIALIZED_AUTOS = YES_AGGRESSIVE;
				GCC_WARN_UNUSED_FUNCTION = YES;
				GCC_WARN_UNUSED_VARIABLE = YES;
				IPHONEOS_DEPLOYMENT_TARGET = 11.2;
				MTL_ENABLE_DEBUG_INFO = YES;
				ONLY_ACTIVE_ARCH = YES;
				SDKROOT = iphoneos;
				SWIFT_ACTIVE_COMPILATION_CONDITIONS = DEBUG;
				SWIFT_OPTIMIZATION_LEVEL = "-Onone";
			};
			name = Debug;
		};
		70EB8DD12002A196007AC8B2 /* Release */ = {
			isa = XCBuildConfiguration;
			buildSettings = {
				ALWAYS_SEARCH_USER_PATHS = NO;
				CLANG_ANALYZER_NONNULL = YES;
				CLANG_ANALYZER_NUMBER_OBJECT_CONVERSION = YES_AGGRESSIVE;
				CLANG_CXX_LANGUAGE_STANDARD = "gnu++14";
				CLANG_CXX_LIBRARY = "libc++";
				CLANG_ENABLE_MODULES = YES;
				CLANG_ENABLE_OBJC_ARC = YES;
				CLANG_WARN_BLOCK_CAPTURE_AUTORELEASING = YES;
				CLANG_WARN_BOOL_CONVERSION = YES;
				CLANG_WARN_COMMA = YES;
				CLANG_WARN_CONSTANT_CONVERSION = YES;
				CLANG_WARN_DIRECT_OBJC_ISA_USAGE = YES_ERROR;
				CLANG_WARN_DOCUMENTATION_COMMENTS = YES;
				CLANG_WARN_EMPTY_BODY = YES;
				CLANG_WARN_ENUM_CONVERSION = YES;
				CLANG_WARN_INFINITE_RECURSION = YES;
				CLANG_WARN_INT_CONVERSION = YES;
				CLANG_WARN_NON_LITERAL_NULL_CONVERSION = YES;
				CLANG_WARN_OBJC_LITERAL_CONVERSION = YES;
				CLANG_WARN_OBJC_ROOT_CLASS = YES_ERROR;
				CLANG_WARN_RANGE_LOOP_ANALYSIS = YES;
				CLANG_WARN_STRICT_PROTOTYPES = YES;
				CLANG_WARN_SUSPICIOUS_MOVE = YES;
				CLANG_WARN_UNGUARDED_AVAILABILITY = YES_AGGRESSIVE;
				CLANG_WARN_UNREACHABLE_CODE = YES;
				CLANG_WARN__DUPLICATE_METHOD_MATCH = YES;
				CODE_SIGN_IDENTITY = "iPhone Developer";
				COPY_PHASE_STRIP = NO;
				DEBUG_INFORMATION_FORMAT = "dwarf-with-dsym";
				ENABLE_NS_ASSERTIONS = NO;
				ENABLE_STRICT_OBJC_MSGSEND = YES;
				GCC_C_LANGUAGE_STANDARD = gnu11;
				GCC_NO_COMMON_BLOCKS = YES;
				GCC_WARN_64_TO_32_BIT_CONVERSION = YES;
				GCC_WARN_ABOUT_RETURN_TYPE = YES_ERROR;
				GCC_WARN_UNDECLARED_SELECTOR = YES;
				GCC_WARN_UNINITIALIZED_AUTOS = YES_AGGRESSIVE;
				GCC_WARN_UNUSED_FUNCTION = YES;
				GCC_WARN_UNUSED_VARIABLE = YES;
				IPHONEOS_DEPLOYMENT_TARGET = 11.2;
				MTL_ENABLE_DEBUG_INFO = NO;
				SDKROOT = iphoneos;
				SWIFT_OPTIMIZATION_LEVEL = "-Owholemodule";
				VALIDATE_PRODUCT = YES;
			};
			name = Release;
		};
		70EB8DD32002A196007AC8B2 /* Debug */ = {
			isa = XCBuildConfiguration;
			baseConfigurationReference = C537D826D7C4E1320708D61B /* Pods-Dueto.debug.xcconfig */;
			buildSettings = {
				ASSETCATALOG_COMPILER_APPICON_NAME = AppIcon;
				CODE_SIGN_STYLE = Automatic;
				INFOPLIST_FILE = Dueto/Info.plist;
				IPHONEOS_DEPLOYMENT_TARGET = 10.0;
				LD_RUNPATH_SEARCH_PATHS = "$(inherited) @executable_path/Frameworks";
				PRODUCT_BUNDLE_IDENTIFIER = Dueto.Dueto;
				PRODUCT_NAME = "$(TARGET_NAME)";
				SWIFT_VERSION = 4.0;
				TARGETED_DEVICE_FAMILY = "1,2";
			};
			name = Debug;
		};
		70EB8DD42002A196007AC8B2 /* Release */ = {
			isa = XCBuildConfiguration;
			baseConfigurationReference = B128C3EF5DCA4BBCDB1151CC /* Pods-Dueto.release.xcconfig */;
			buildSettings = {
				ASSETCATALOG_COMPILER_APPICON_NAME = AppIcon;
				CODE_SIGN_STYLE = Automatic;
				INFOPLIST_FILE = Dueto/Info.plist;
				IPHONEOS_DEPLOYMENT_TARGET = 10.0;
				LD_RUNPATH_SEARCH_PATHS = "$(inherited) @executable_path/Frameworks";
				PRODUCT_BUNDLE_IDENTIFIER = Dueto.Dueto;
				PRODUCT_NAME = "$(TARGET_NAME)";
				SWIFT_VERSION = 4.0;
				TARGETED_DEVICE_FAMILY = "1,2";
			};
			name = Release;
		};
		70EB8DD62002A196007AC8B2 /* Debug */ = {
			isa = XCBuildConfiguration;
			baseConfigurationReference = 5D9CE271DC0C9CACA46781DB /* Pods-DuetoTests.debug.xcconfig */;
			buildSettings = {
				ALWAYS_EMBED_SWIFT_STANDARD_LIBRARIES = YES;
				BUNDLE_LOADER = "$(TEST_HOST)";
				CODE_SIGN_STYLE = Automatic;
				INFOPLIST_FILE = DuetoTests/Info.plist;
				LD_RUNPATH_SEARCH_PATHS = "$(inherited) @executable_path/Frameworks @loader_path/Frameworks";
				PRODUCT_BUNDLE_IDENTIFIER = Dueto.DuetoTests;
				PRODUCT_NAME = "$(TARGET_NAME)";
				SWIFT_VERSION = 4.0;
				TARGETED_DEVICE_FAMILY = "1,2";
				TEST_HOST = "$(BUILT_PRODUCTS_DIR)/Dueto.app/Dueto";
			};
			name = Debug;
		};
		70EB8DD72002A196007AC8B2 /* Release */ = {
			isa = XCBuildConfiguration;
			baseConfigurationReference = 151D86A11EBDCD3BCC408E4E /* Pods-DuetoTests.release.xcconfig */;
			buildSettings = {
				ALWAYS_EMBED_SWIFT_STANDARD_LIBRARIES = YES;
				BUNDLE_LOADER = "$(TEST_HOST)";
				CODE_SIGN_STYLE = Automatic;
				INFOPLIST_FILE = DuetoTests/Info.plist;
				LD_RUNPATH_SEARCH_PATHS = "$(inherited) @executable_path/Frameworks @loader_path/Frameworks";
				PRODUCT_BUNDLE_IDENTIFIER = Dueto.DuetoTests;
				PRODUCT_NAME = "$(TARGET_NAME)";
				SWIFT_VERSION = 4.0;
				TARGETED_DEVICE_FAMILY = "1,2";
				TEST_HOST = "$(BUILT_PRODUCTS_DIR)/Dueto.app/Dueto";
			};
			name = Release;
		};
		70EB8DD92002A196007AC8B2 /* Debug */ = {
			isa = XCBuildConfiguration;
			baseConfigurationReference = CB98186CDAE914512168D7ED /* Pods-DuetoUITests.debug.xcconfig */;
			buildSettings = {
				ALWAYS_EMBED_SWIFT_STANDARD_LIBRARIES = YES;
				CODE_SIGN_STYLE = Automatic;
				INFOPLIST_FILE = DuetoUITests/Info.plist;
				LD_RUNPATH_SEARCH_PATHS = "$(inherited) @executable_path/Frameworks @loader_path/Frameworks";
				PRODUCT_BUNDLE_IDENTIFIER = Dueto.DuetoUITests;
				PRODUCT_NAME = "$(TARGET_NAME)";
				SWIFT_VERSION = 4.0;
				TARGETED_DEVICE_FAMILY = "1,2";
				TEST_TARGET_NAME = Dueto;
			};
			name = Debug;
		};
		70EB8DDA2002A196007AC8B2 /* Release */ = {
			isa = XCBuildConfiguration;
			baseConfigurationReference = 9D59E243AF57CCD4CD2A8715 /* Pods-DuetoUITests.release.xcconfig */;
			buildSettings = {
				ALWAYS_EMBED_SWIFT_STANDARD_LIBRARIES = YES;
				CODE_SIGN_STYLE = Automatic;
				INFOPLIST_FILE = DuetoUITests/Info.plist;
				LD_RUNPATH_SEARCH_PATHS = "$(inherited) @executable_path/Frameworks @loader_path/Frameworks";
				PRODUCT_BUNDLE_IDENTIFIER = Dueto.DuetoUITests;
				PRODUCT_NAME = "$(TARGET_NAME)";
				SWIFT_VERSION = 4.0;
				TARGETED_DEVICE_FAMILY = "1,2";
				TEST_TARGET_NAME = Dueto;
			};
			name = Release;
		};
/* End XCBuildConfiguration section */

/* Begin XCConfigurationList section */
		70EB8DA52002A196007AC8B2 /* Build configuration list for PBXProject "Dueto" */ = {
			isa = XCConfigurationList;
			buildConfigurations = (
				70EB8DD02002A196007AC8B2 /* Debug */,
				70EB8DD12002A196007AC8B2 /* Release */,
			);
			defaultConfigurationIsVisible = 0;
			defaultConfigurationName = Release;
		};
		70EB8DD22002A196007AC8B2 /* Build configuration list for PBXNativeTarget "Dueto" */ = {
			isa = XCConfigurationList;
			buildConfigurations = (
				70EB8DD32002A196007AC8B2 /* Debug */,
				70EB8DD42002A196007AC8B2 /* Release */,
			);
			defaultConfigurationIsVisible = 0;
			defaultConfigurationName = Release;
		};
		70EB8DD52002A196007AC8B2 /* Build configuration list for PBXNativeTarget "DuetoTests" */ = {
			isa = XCConfigurationList;
			buildConfigurations = (
				70EB8DD62002A196007AC8B2 /* Debug */,
				70EB8DD72002A196007AC8B2 /* Release */,
			);
			defaultConfigurationIsVisible = 0;
			defaultConfigurationName = Release;
		};
		70EB8DD82002A196007AC8B2 /* Build configuration list for PBXNativeTarget "DuetoUITests" */ = {
			isa = XCConfigurationList;
			buildConfigurations = (
				70EB8DD92002A196007AC8B2 /* Debug */,
				70EB8DDA2002A196007AC8B2 /* Release */,
			);
			defaultConfigurationIsVisible = 0;
			defaultConfigurationName = Release;
		};
/* End XCConfigurationList section */
	};
	rootObject = 70EB8DA22002A196007AC8B2 /* Project object */;
}
